[[tools.act]]
version = "0.2.84"
backend = "aqua:nektos/act"
"platforms.linux-arm64" = { checksum = "sha256:116c7f27c4862fb01730c956c9bc9f51f9d44d8f3850fe6166b7da9f68677a5c", url = "https://github.com/nektos/act/releases/download/v0.2.84/act_Linux_arm64.tar.gz"}
"platforms.linux-x64" = { checksum = "sha256:19d4525fb0d80ff50bd3252d3fa47ee1265a331fe4c39249ac65347e527e16e2", url = "https://github.com/nektos/act/releases/download/v0.2.84/act_Linux_x86_64.tar.gz"}
"platforms.macos-arm64" = { checksum = "sha256:6739345c2bf7bbd1a3ceaf6503a9ffbe98b33dd3789edce39e8c844c6b49036b", url = "https://github.com/nektos/act/releases/download/v0.2.84/act_Darwin_arm64.tar.gz"}
"platforms.macos-x64" = { checksum = "sha256:46f6f5229a76ebf39fa51dd9ea05cb67db5b05355af204af595553b6d8cee618", url = "https://github.com/nektos/act/releases/download/v0.2.84/act_Darwin_x86_64.tar.gz"}
"platforms.windows-x64" = { checksum = "sha256:3b4fcf9497d1f23afbdd40bfa8e78e154d69754da73c2d792a4152b4f8ae5c96", url = "https://github.com/nektos/act/releases/download/v0.2.84/act_Windows_x86_64.zip"}

[[tools."npm:prettier"]]
version = "2.8.8"
backend = "npm:prettier"
